
Microsoft Visual Studio Solution File, Format Version 12.00
# Visual Studio 15
VisualStudioVersion = 15.0.26730.16
MinimumVisualStudioVersion = 10.0.40219.1
Project("{9A19103F-16F7-4668-BE54-9A1E7A4F7556}") = "PubsRazorPages", "PubsRazorPages\PubsRazorPages.csproj", "{47DCC9C6-7E7C-420D-888E-DD9E08D0F210}"
EndProject
Project("{9A19103F-16F7-4668-BE54-9A1E7A4F7556}") = "PubsRepository", "PubsRepository\PubsRepository.csproj", "{23D0FE05-7F5D-4A04-864F-F0171F06DBC1}"
EndProject
Global
	GlobalSection(SolutionConfigurationPlatforms) = preSolution
		Debug|Any CPU = Debug|Any CPU
		Release|Any CPU = Release|Any CPU
	EndGlobalSection
	GlobalSection(ProjectConfigurationPlatforms) = postSolution
		{47DCC9C6-7E7C-420D-888E-DD9E08D0F210}.Debug|Any CPU.ActiveCfg = Debug|Any CPU
		{47DCC9C6-7E7C-420D-888E-DD9E08D0F210}.Debug|Any CPU.Build.0 = Debug|Any CPU
		{47DCC9C6-7E7C-420D-888E-DD9E08D0F210}.Release|Any CPU.ActiveCfg = Release|Any CPU
		{47DCC9C6-7E7C-420D-888E-DD9E08D0F210}.Release|Any CPU.Build.0 = Release|Any CPU
		{23D0FE05-7F5D-4A04-864F-F0171F06DBC1}.Debug|Any CPU.ActiveCfg = Debug|Any CPU
		{23D0FE05-7F5D-4A04-864F-F0171F06DBC1}.Debug|Any CPU.Build.0 = Debug|Any CPU
		{23D0FE05-7F5D-4A04-864F-F0171F06DBC1}.Release|Any CPU.ActiveCfg = Release|Any CPU
		{23D0FE05-7F5D-4A04-864F-F0171F06DBC1}.Release|Any CPU.Build.0 = Release|Any CPU
	EndGlobalSection
	GlobalSection(SolutionProperties) = preSolution
		HideSolutionNode = FALSE
	EndGlobalSection
	GlobalSection(ExtensibilityGlobals) = postSolution
		SolutionGuid = {4A60C1B0-D242-406C-865E-8545B168FDA6}
	EndGlobalSection
	GlobalSection(TeamFoundationVersionControl) = preSolution
		SccNumberOfProjects = 3
		SccEnterpriseProvider = {4CA58AB2-18FA-4F8D-95D4-32DDF27D184C}
		SccTeamFoundationServer = https://nimccoll.visualstudio.com/
		SccLocalPath0 = .
		SccProjectUniqueName1 = PubsRazorPages\\PubsRazorPages.csproj
		SccProjectName1 = PubsRazorPages
		SccLocalPath1 = PubsRazorPages
		SccProjectUniqueName2 = PubsRepository\\PubsRepository.csproj
		SccProjectName2 = PubsRepository
		SccLocalPath2 = PubsRepository
	EndGlobalSection
EndGlobal
